// !$*UTF8*$!
{
	archiveVersion = 1;
	classes = {
	};
	objectVersion = 46;
	objects = {

/* Begin PBXBuildFile section */
		2F2F2414E73E70C42DDA472A /* Pods_ContatosIP67UITests.framework in Frameworks */ = {isa = PBXBuildFile; fileRef = 164AD48215C7D18082AEF3AA /* Pods_ContatosIP67UITests.framework */; };
		792F7D3C1C10C648B0DAA8B7 /* Pods_ContatosIP67Tests.framework in Frameworks */ = {isa = PBXBuildFile; fileRef = 2BEAFADDEE244B99815CAF4E /* Pods_ContatosIP67Tests.framework */; };
		DE429C931EB9433D0008D84B /* GerenciadorDeAcoes.swift in Sources */ = {isa = PBXBuildFile; fileRef = DE429C921EB9433D0008D84B /* GerenciadorDeAcoes.swift */; };
		DEA33F281EBA9B7800855D07 /* ContatosNoMapaViewController.swift in Sources */ = {isa = PBXBuildFile; fileRef = DEA33F271EBA9B7800855D07 /* ContatosNoMapaViewController.swift */; };
		DEA5C7261EB0068900A19AEF /* AppDelegate.swift in Sources */ = {isa = PBXBuildFile; fileRef = DEA5C7251EB0068900A19AEF /* AppDelegate.swift */; };
		DEA5C7281EB0068900A19AEF /* FormularioContatoViewController.swift in Sources */ = {isa = PBXBuildFile; fileRef = DEA5C7271EB0068900A19AEF /* FormularioContatoViewController.swift */; };
		DEA5C72B1EB0068900A19AEF /* Main.storyboard in Resources */ = {isa = PBXBuildFile; fileRef = DEA5C7291EB0068900A19AEF /* Main.storyboard */; };
		DEA5C72E1EB0068900A19AEF /* ContatosIP67.xcdatamodeld in Sources */ = {isa = PBXBuildFile; fileRef = DEA5C72C1EB0068900A19AEF /* ContatosIP67.xcdatamodeld */; };
		DEA5C7301EB0068900A19AEF /* Assets.xcassets in Resources */ = {isa = PBXBuildFile; fileRef = DEA5C72F1EB0068900A19AEF /* Assets.xcassets */; };
		DEA5C7331EB0068900A19AEF /* LaunchScreen.storyboard in Resources */ = {isa = PBXBuildFile; fileRef = DEA5C7311EB0068900A19AEF /* LaunchScreen.storyboard */; };
		DEA5C73E1EB0068900A19AEF /* ContatosIP67Tests.swift in Sources */ = {isa = PBXBuildFile; fileRef = DEA5C73D1EB0068900A19AEF /* ContatosIP67Tests.swift */; };
		DEA5C7491EB0068A00A19AEF /* ContatosIP67UITests.swift in Sources */ = {isa = PBXBuildFile; fileRef = DEA5C7481EB0068A00A19AEF /* ContatosIP67UITests.swift */; };
		DEA5C7591EB0244E00A19AEF /* Contato.m in Sources */ = {isa = PBXBuildFile; fileRef = DEA5C7581EB0244E00A19AEF /* Contato.m */; };
		DEA5C75B1EB0301400A19AEF /* ContatoDao.swift in Sources */ = {isa = PBXBuildFile; fileRef = DEA5C75A1EB0301400A19AEF /* ContatoDao.swift */; };
		DEA6B4661EB15DE900ABA68B /* ListaContatosViewController.swift in Sources */ = {isa = PBXBuildFile; fileRef = DEA6B4651EB15DE900ABA68B /* ListaContatosViewController.swift */; };
		DEB2828D1EBD3C6200704E4D /* CoreDataUtil.swift in Sources */ = {isa = PBXBuildFile; fileRef = DEB2828C1EBD3C6200704E4D /* CoreDataUtil.swift */; };
		DEC5A6271EB2C3DD005DD007 /* FormularioContatoViewControllerDelegate.swift in Sources */ = {isa = PBXBuildFile; fileRef = DEC5A6261EB2C3DD005DD007 /* FormularioContatoViewControllerDelegate.swift */; };
		FC0B0F71F1FB395883C1D1EF /* Pods_ContatosIP67.framework in Frameworks */ = {isa = PBXBuildFile; fileRef = DCFB3A29D9FE537F430B1EA1 /* Pods_ContatosIP67.framework */; };
/* End PBXBuildFile section */

/* Begin PBXContainerItemProxy section */
		DEA5C73A1EB0068900A19AEF /* PBXContainerItemProxy */ = {
			isa = PBXContainerItemProxy;
			containerPortal = DEA5C71A1EB0068800A19AEF /* Project object */;
			proxyType = 1;
			remoteGlobalIDString = DEA5C7211EB0068800A19AEF;
			remoteInfo = ContatosIP67;
		};
		DEA5C7451EB0068900A19AEF /* PBXContainerItemProxy */ = {
			isa = PBXContainerItemProxy;
			containerPortal = DEA5C71A1EB0068800A19AEF /* Project object */;
			proxyType = 1;
			remoteGlobalIDString = DEA5C7211EB0068800A19AEF;
			remoteInfo = ContatosIP67;
		};
/* End PBXContainerItemProxy section */

/* Begin PBXFileReference section */
		164AD48215C7D18082AEF3AA /* Pods_ContatosIP67UITests.framework */ = {isa = PBXFileReference; explicitFileType = wrapper.framework; includeInIndex = 0; path = Pods_ContatosIP67UITests.framework; sourceTree = BUILT_PRODUCTS_DIR; };
		2BEAFADDEE244B99815CAF4E /* Pods_ContatosIP67Tests.framework */ = {isa = PBXFileReference; explicitFileType = wrapper.framework; includeInIndex = 0; path = Pods_ContatosIP67Tests.framework; sourceTree = BUILT_PRODUCTS_DIR; };
		40F8A714FC3DF6451C123A56 /* Pods-ContatosIP67Tests.debug.xcconfig */ = {isa = PBXFileReference; includeInIndex = 1; lastKnownFileType = text.xcconfig; name = "Pods-ContatosIP67Tests.debug.xcconfig"; path = "Pods/Target Support Files/Pods-ContatosIP67Tests/Pods-ContatosIP67Tests.debug.xcconfig"; sourceTree = "<group>"; };
		7FBA629D15789E2BAA143221 /* Pods-ContatosIP67Tests.release.xcconfig */ = {isa = PBXFileReference; includeInIndex = 1; lastKnownFileType = text.xcconfig; name = "Pods-ContatosIP67Tests.release.xcconfig"; path = "Pods/Target Support Files/Pods-ContatosIP67Tests/Pods-ContatosIP67Tests.release.xcconfig"; sourceTree = "<group>"; };
		C6A749DF77D2AB85FF37E0B1 /* Pods-ContatosIP67.release.xcconfig */ = {isa = PBXFileReference; includeInIndex = 1; lastKnownFileType = text.xcconfig; name = "Pods-ContatosIP67.release.xcconfig"; path = "Pods/Target Support Files/Pods-ContatosIP67/Pods-ContatosIP67.release.xcconfig"; sourceTree = "<group>"; };
		D92C604CA8349D7C50B3547D /* Pods-ContatosIP67.debug.xcconfig */ = {isa = PBXFileReference; includeInIndex = 1; lastKnownFileType = text.xcconfig; name = "Pods-ContatosIP67.debug.xcconfig"; path = "Pods/Target Support Files/Pods-ContatosIP67/Pods-ContatosIP67.debug.xcconfig"; sourceTree = "<group>"; };
		DA88999AE1059C0EE757868D /* Pods-ContatosIP67UITests.release.xcconfig */ = {isa = PBXFileReference; includeInIndex = 1; lastKnownFileType = text.xcconfig; name = "Pods-ContatosIP67UITests.release.xcconfig"; path = "Pods/Target Support Files/Pods-ContatosIP67UITests/Pods-ContatosIP67UITests.release.xcconfig"; sourceTree = "<group>"; };
		DCFB3A29D9FE537F430B1EA1 /* Pods_ContatosIP67.framework */ = {isa = PBXFileReference; explicitFileType = wrapper.framework; includeInIndex = 0; path = Pods_ContatosIP67.framework; sourceTree = BUILT_PRODUCTS_DIR; };
		DE429C921EB9433D0008D84B /* GerenciadorDeAcoes.swift */ = {isa = PBXFileReference; fileEncoding = 4; lastKnownFileType = sourcecode.swift; path = GerenciadorDeAcoes.swift; sourceTree = "<group>"; };
		DEA33F271EBA9B7800855D07 /* ContatosNoMapaViewController.swift */ = {isa = PBXFileReference; fileEncoding = 4; lastKnownFileType = sourcecode.swift; path = ContatosNoMapaViewController.swift; sourceTree = "<group>"; };
		DEA33F291EBAAEE800855D07 /* Vila Mariana.gpx */ = {isa = PBXFileReference; lastKnownFileType = text.xml; path = "Vila Mariana.gpx"; sourceTree = "<group>"; };
		DEA5C7221EB0068900A19AEF /* ContatosIP67.app */ = {isa = PBXFileReference; explicitFileType = wrapper.application; includeInIndex = 0; path = ContatosIP67.app; sourceTree = BUILT_PRODUCTS_DIR; };
		DEA5C7251EB0068900A19AEF /* AppDelegate.swift */ = {isa = PBXFileReference; lastKnownFileType = sourcecode.swift; path = AppDelegate.swift; sourceTree = "<group>"; };
		DEA5C7271EB0068900A19AEF /* FormularioContatoViewController.swift */ = {isa = PBXFileReference; lastKnownFileType = sourcecode.swift; path = FormularioContatoViewController.swift; sourceTree = "<group>"; };
		DEA5C72A1EB0068900A19AEF /* Base */ = {isa = PBXFileReference; lastKnownFileType = file.storyboard; name = Base; path = Base.lproj/Main.storyboard; sourceTree = "<group>"; };
		DEA5C72D1EB0068900A19AEF /* ContatosIP67.xcdatamodel */ = {isa = PBXFileReference; lastKnownFileType = wrapper.xcdatamodel; path = ContatosIP67.xcdatamodel; sourceTree = "<group>"; };
		DEA5C72F1EB0068900A19AEF /* Assets.xcassets */ = {isa = PBXFileReference; lastKnownFileType = folder.assetcatalog; path = Assets.xcassets; sourceTree = "<group>"; };
		DEA5C7321EB0068900A19AEF /* Base */ = {isa = PBXFileReference; lastKnownFileType = file.storyboard; name = Base; path = Base.lproj/LaunchScreen.storyboard; sourceTree = "<group>"; };
		DEA5C7341EB0068900A19AEF /* Info.plist */ = {isa = PBXFileReference; lastKnownFileType = text.plist.xml; path = Info.plist; sourceTree = "<group>"; };
		DEA5C7391EB0068900A19AEF /* ContatosIP67Tests.xctest */ = {isa = PBXFileReference; explicitFileType = wrapper.cfbundle; includeInIndex = 0; path = ContatosIP67Tests.xctest; sourceTree = BUILT_PRODUCTS_DIR; };
		DEA5C73D1EB0068900A19AEF /* ContatosIP67Tests.swift */ = {isa = PBXFileReference; lastKnownFileType = sourcecode.swift; path = ContatosIP67Tests.swift; sourceTree = "<group>"; };
		DEA5C73F1EB0068900A19AEF /* Info.plist */ = {isa = PBXFileReference; lastKnownFileType = text.plist.xml; path = Info.plist; sourceTree = "<group>"; };
		DEA5C7441EB0068900A19AEF /* ContatosIP67UITests.xctest */ = {isa = PBXFileReference; explicitFileType = wrapper.cfbundle; includeInIndex = 0; path = ContatosIP67UITests.xctest; sourceTree = BUILT_PRODUCTS_DIR; };
		DEA5C7481EB0068A00A19AEF /* ContatosIP67UITests.swift */ = {isa = PBXFileReference; lastKnownFileType = sourcecode.swift; path = ContatosIP67UITests.swift; sourceTree = "<group>"; };
		DEA5C74A1EB0068A00A19AEF /* Info.plist */ = {isa = PBXFileReference; lastKnownFileType = text.plist.xml; path = Info.plist; sourceTree = "<group>"; };
		DEA5C7561EB0244E00A19AEF /* ContatosIP67-Bridging-Header.h */ = {isa = PBXFileReference; lastKnownFileType = sourcecode.c.h; path = "ContatosIP67-Bridging-Header.h"; sourceTree = "<group>"; };
		DEA5C7571EB0244E00A19AEF /* Contato.h */ = {isa = PBXFileReference; fileEncoding = 4; lastKnownFileType = sourcecode.c.h; path = Contato.h; sourceTree = "<group>"; };
		DEA5C7581EB0244E00A19AEF /* Contato.m */ = {isa = PBXFileReference; fileEncoding = 4; lastKnownFileType = sourcecode.c.objc; path = Contato.m; sourceTree = "<group>"; };
		DEA5C75A1EB0301400A19AEF /* ContatoDao.swift */ = {isa = PBXFileReference; fileEncoding = 4; lastKnownFileType = sourcecode.swift; path = ContatoDao.swift; sourceTree = "<group>"; };
		DEA6B4651EB15DE900ABA68B /* ListaContatosViewController.swift */ = {isa = PBXFileReference; fileEncoding = 4; lastKnownFileType = sourcecode.swift; path = ListaContatosViewController.swift; sourceTree = "<group>"; };
		DEB2828C1EBD3C6200704E4D /* CoreDataUtil.swift */ = {isa = PBXFileReference; fileEncoding = 4; lastKnownFileType = sourcecode.swift; path = CoreDataUtil.swift; sourceTree = "<group>"; };
		DEC5A6261EB2C3DD005DD007 /* FormularioContatoViewControllerDelegate.swift */ = {isa = PBXFileReference; fileEncoding = 4; lastKnownFileType = sourcecode.swift; name = FormularioContatoViewControllerDelegate.swift; path = ../FormularioContatoViewControllerDelegate.swift; sourceTree = "<group>"; };
		FFA7B12C918F37EE6F2724D8 /* Pods-ContatosIP67UITests.debug.xcconfig */ = {isa = PBXFileReference; includeInIndex = 1; lastKnownFileType = text.xcconfig; name = "Pods-ContatosIP67UITests.debug.xcconfig"; path = "Pods/Target Support Files/Pods-ContatosIP67UITests/Pods-ContatosIP67UITests.debug.xcconfig"; sourceTree = "<group>"; };
/* End PBXFileReference section */

/* Begin PBXFrameworksBuildPhase section */
		DEA5C71F1EB0068800A19AEF /* Frameworks */ = {
			isa = PBXFrameworksBuildPhase;
			buildActionMask = 2147483647;
			files = (
				FC0B0F71F1FB395883C1D1EF /* Pods_ContatosIP67.framework in Frameworks */,
			);
			runOnlyForDeploymentPostprocessing = 0;
		};
		DEA5C7361EB0068900A19AEF /* Frameworks */ = {
			isa = PBXFrameworksBuildPhase;
			buildActionMask = 2147483647;
			files = (
				792F7D3C1C10C648B0DAA8B7 /* Pods_ContatosIP67Tests.framework in Frameworks */,
			);
			runOnlyForDeploymentPostprocessing = 0;
		};
		DEA5C7411EB0068900A19AEF /* Frameworks */ = {
			isa = PBXFrameworksBuildPhase;
			buildActionMask = 2147483647;
			files = (
				2F2F2414E73E70C42DDA472A /* Pods_ContatosIP67UITests.framework in Frameworks */,
			);
			runOnlyForDeploymentPostprocessing = 0;
		};
/* End PBXFrameworksBuildPhase section */

/* Begin PBXGroup section */
		6286EE32C758FB6DB320EE1A /* Pods */ = {
			isa = PBXGroup;
			children = (
				D92C604CA8349D7C50B3547D /* Pods-ContatosIP67.debug.xcconfig */,
				C6A749DF77D2AB85FF37E0B1 /* Pods-ContatosIP67.release.xcconfig */,
				40F8A714FC3DF6451C123A56 /* Pods-ContatosIP67Tests.debug.xcconfig */,
				7FBA629D15789E2BAA143221 /* Pods-ContatosIP67Tests.release.xcconfig */,
				FFA7B12C918F37EE6F2724D8 /* Pods-ContatosIP67UITests.debug.xcconfig */,
				DA88999AE1059C0EE757868D /* Pods-ContatosIP67UITests.release.xcconfig */,
			);
			name = Pods;
			sourceTree = "<group>";
		};
		A15700C1B02BF0E878F85B21 /* Frameworks */ = {
			isa = PBXGroup;
			children = (
				DCFB3A29D9FE537F430B1EA1 /* Pods_ContatosIP67.framework */,
				2BEAFADDEE244B99815CAF4E /* Pods_ContatosIP67Tests.framework */,
				164AD48215C7D18082AEF3AA /* Pods_ContatosIP67UITests.framework */,
			);
			name = Frameworks;
			sourceTree = "<group>";
		};
		DEA5C7191EB0068800A19AEF = {
			isa = PBXGroup;
			children = (
				DEA5C7241EB0068900A19AEF /* ContatosIP67 */,
				DEA5C73C1EB0068900A19AEF /* ContatosIP67Tests */,
				DEA5C7471EB0068A00A19AEF /* ContatosIP67UITests */,
				DEA5C7231EB0068900A19AEF /* Products */,
				6286EE32C758FB6DB320EE1A /* Pods */,
				A15700C1B02BF0E878F85B21 /* Frameworks */,
			);
			sourceTree = "<group>";
		};
		DEA5C7231EB0068900A19AEF /* Products */ = {
			isa = PBXGroup;
			children = (
				DEA5C7221EB0068900A19AEF /* ContatosIP67.app */,
				DEA5C7391EB0068900A19AEF /* ContatosIP67Tests.xctest */,
				DEA5C7441EB0068900A19AEF /* ContatosIP67UITests.xctest */,
			);
			name = Products;
			sourceTree = "<group>";
		};
		DEA5C7241EB0068900A19AEF /* ContatosIP67 */ = {
			isa = PBXGroup;
			children = (
				DEC5A6261EB2C3DD005DD007 /* FormularioContatoViewControllerDelegate.swift */,
				DEB2828C1EBD3C6200704E4D /* CoreDataUtil.swift */,
				DEA33F271EBA9B7800855D07 /* ContatosNoMapaViewController.swift */,
				DE429C921EB9433D0008D84B /* GerenciadorDeAcoes.swift */,
				DEA5C7251EB0068900A19AEF /* AppDelegate.swift */,
				DEA5C7271EB0068900A19AEF /* FormularioContatoViewController.swift */,
				DEA5C75A1EB0301400A19AEF /* ContatoDao.swift */,
				DEA6B4651EB15DE900ABA68B /* ListaContatosViewController.swift */,
				DEA5C7571EB0244E00A19AEF /* Contato.h */,
				DEA5C7581EB0244E00A19AEF /* Contato.m */,
				DEA5C7291EB0068900A19AEF /* Main.storyboard */,
				DEA5C72F1EB0068900A19AEF /* Assets.xcassets */,
				DEA5C7311EB0068900A19AEF /* LaunchScreen.storyboard */,
				DEA5C7341EB0068900A19AEF /* Info.plist */,
				DEA33F291EBAAEE800855D07 /* Vila Mariana.gpx */,
				DEA5C72C1EB0068900A19AEF /* ContatosIP67.xcdatamodeld */,
				DEA5C7561EB0244E00A19AEF /* ContatosIP67-Bridging-Header.h */,
			);
			path = ContatosIP67;
			sourceTree = "<group>";
		};
		DEA5C73C1EB0068900A19AEF /* ContatosIP67Tests */ = {
			isa = PBXGroup;
			children = (
				DEA5C73D1EB0068900A19AEF /* ContatosIP67Tests.swift */,
				DEA5C73F1EB0068900A19AEF /* Info.plist */,
			);
			path = ContatosIP67Tests;
			sourceTree = "<group>";
		};
		DEA5C7471EB0068A00A19AEF /* ContatosIP67UITests */ = {
			isa = PBXGroup;
			children = (
				DEA5C7481EB0068A00A19AEF /* ContatosIP67UITests.swift */,
				DEA5C74A1EB0068A00A19AEF /* Info.plist */,
			);
			path = ContatosIP67UITests;
			sourceTree = "<group>";
		};
/* End PBXGroup section */

/* Begin PBXNativeTarget section */
		DEA5C7211EB0068800A19AEF /* ContatosIP67 */ = {
			isa = PBXNativeTarget;
			buildConfigurationList = DEA5C74D1EB0068A00A19AEF /* Build configuration list for PBXNativeTarget "ContatosIP67" */;
			buildPhases = (
				8516287D20B9564B55AFB099 /* [CP] Check Pods Manifest.lock */,
				DEA5C71E1EB0068800A19AEF /* Sources */,
				DEA5C71F1EB0068800A19AEF /* Frameworks */,
				DEA5C7201EB0068800A19AEF /* Resources */,
				59B27FB741C3EBEE68FB2580 /* [CP] Embed Pods Frameworks */,
				0991733DB985D46815A348A7 /* [CP] Copy Pods Resources */,
			);
			buildRules = (
			);
			dependencies = (
			);
			name = ContatosIP67;
			productName = ContatosIP67;
			productReference = DEA5C7221EB0068900A19AEF /* ContatosIP67.app */;
			productType = "com.apple.product-type.application";
		};
		DEA5C7381EB0068900A19AEF /* ContatosIP67Tests */ = {
			isa = PBXNativeTarget;
			buildConfigurationList = DEA5C7501EB0068A00A19AEF /* Build configuration list for PBXNativeTarget "ContatosIP67Tests" */;
			buildPhases = (
				6917710B63B42AFD9B643CEC /* [CP] Check Pods Manifest.lock */,
				DEA5C7351EB0068900A19AEF /* Sources */,
				DEA5C7361EB0068900A19AEF /* Frameworks */,
				DEA5C7371EB0068900A19AEF /* Resources */,
				6D6938EAB6E2275B44DCDC4B /* [CP] Embed Pods Frameworks */,
				44225B083C53880A123126A0 /* [CP] Copy Pods Resources */,
			);
			buildRules = (
			);
			dependencies = (
				DEA5C73B1EB0068900A19AEF /* PBXTargetDependency */,
			);
			name = ContatosIP67Tests;
			productName = ContatosIP67Tests;
			productReference = DEA5C7391EB0068900A19AEF /* ContatosIP67Tests.xctest */;
			productType = "com.apple.product-type.bundle.unit-test";
		};
		DEA5C7431EB0068900A19AEF /* ContatosIP67UITests */ = {
			isa = PBXNativeTarget;
			buildConfigurationList = DEA5C7531EB0068A00A19AEF /* Build configuration list for PBXNativeTarget "ContatosIP67UITests" */;
			buildPhases = (
				A64342C7197F8A5B5477724E /* [CP] Check Pods Manifest.lock */,
				DEA5C7401EB0068900A19AEF /* Sources */,
				DEA5C7411EB0068900A19AEF /* Frameworks */,
				DEA5C7421EB0068900A19AEF /* Resources */,
				643AA6420CAA7D50AB442FDD /* [CP] Embed Pods Frameworks */,
				6540AD4AE1603DC5958588A8 /* [CP] Copy Pods Resources */,
			);
			buildRules = (
			);
			dependencies = (
				DEA5C7461EB0068900A19AEF /* PBXTargetDependency */,
			);
			name = ContatosIP67UITests;
			productName = ContatosIP67UITests;
			productReference = DEA5C7441EB0068900A19AEF /* ContatosIP67UITests.xctest */;
			productType = "com.apple.product-type.bundle.ui-testing";
		};
/* End PBXNativeTarget section */

/* Begin PBXProject section */
		DEA5C71A1EB0068800A19AEF /* Project object */ = {
			isa = PBXProject;
			attributes = {
				LastSwiftUpdateCheck = 0800;
				LastUpgradeCheck = 0800;
				ORGANIZATIONNAME = Caelum;
				TargetAttributes = {
					DEA5C7211EB0068800A19AEF = {
						CreatedOnToolsVersion = 8.0;
						LastSwiftMigration = 0800;
						ProvisioningStyle = Automatic;
					};
					DEA5C7381EB0068900A19AEF = {
						CreatedOnToolsVersion = 8.0;
						ProvisioningStyle = Automatic;
						TestTargetID = DEA5C7211EB0068800A19AEF;
					};
					DEA5C7431EB0068900A19AEF = {
						CreatedOnToolsVersion = 8.0;
						ProvisioningStyle = Automatic;
						TestTargetID = DEA5C7211EB0068800A19AEF;
					};
				};
			};
			buildConfigurationList = DEA5C71D1EB0068800A19AEF /* Build configuration list for PBXProject "ContatosIP67" */;
			compatibilityVersion = "Xcode 3.2";
			developmentRegion = English;
			hasScannedForEncodings = 0;
			knownRegions = (
				en,
				Base,
			);
			mainGroup = DEA5C7191EB0068800A19AEF;
			productRefGroup = DEA5C7231EB0068900A19AEF /* Products */;
			projectDirPath = "";
			projectRoot = "";
			targets = (
				DEA5C7211EB0068800A19AEF /* ContatosIP67 */,
				DEA5C7381EB0068900A19AEF /* ContatosIP67Tests */,
				DEA5C7431EB0068900A19AEF /* ContatosIP67UITests */,
			);
		};
/* End PBXProject section */

/* Begin PBXResourcesBuildPhase section */
		DEA5C7201EB0068800A19AEF /* Resources */ = {
			isa = PBXResourcesBuildPhase;
			buildActionMask = 2147483647;
			files = (
				DEA5C7331EB0068900A19AEF /* LaunchScreen.storyboard in Resources */,
				DEA5C7301EB0068900A19AEF /* Assets.xcassets in Resources */,
				DEA5C72B1EB0068900A19AEF /* Main.storyboard in Resources */,
			);
			runOnlyForDeploymentPostprocessing = 0;
		};
		DEA5C7371EB0068900A19AEF /* Resources */ = {
			isa = PBXResourcesBuildPhase;
			buildActionMask = 2147483647;
			files = (
			);
			runOnlyForDeploymentPostprocessing = 0;
		};
		DEA5C7421EB0068900A19AEF /* Resources */ = {
			isa = PBXResourcesBuildPhase;
			buildActionMask = 2147483647;
			files = (
			);
			runOnlyForDeploymentPostprocessing = 0;
		};
/* End PBXResourcesBuildPhase section */

/* Begin PBXShellScriptBuildPhase section */
		0991733DB985D46815A348A7 /* [CP] Copy Pods Resources */ = {
			isa = PBXShellScriptBuildPhase;
			buildActionMask = 2147483647;
			files = (
			);
			inputPaths = (
			);
			name = "[CP] Copy Pods Resources";
			outputPaths = (
			);
			runOnlyForDeploymentPostprocessing = 0;
			shellPath = /bin/sh;
			shellScript = "\"${SRCROOT}/Pods/Target Support Files/Pods-ContatosIP67/Pods-ContatosIP67-resources.sh\"\n";
			showEnvVarsInLog = 0;
		};
		44225B083C53880A123126A0 /* [CP] Copy Pods Resources */ = {
			isa = PBXShellScriptBuildPhase;
			buildActionMask = 2147483647;
			files = (
			);
			inputPaths = (
			);
			name = "[CP] Copy Pods Resources";
			outputPaths = (
			);
			runOnlyForDeploymentPostprocessing = 0;
			shellPath = /bin/sh;
			shellScript = "\"${SRCROOT}/Pods/Target Support Files/Pods-ContatosIP67Tests/Pods-ContatosIP67Tests-resources.sh\"\n";
			showEnvVarsInLog = 0;
		};
		59B27FB741C3EBEE68FB2580 /* [CP] Embed Pods Frameworks */ = {
			isa = PBXShellScriptBuildPhase;
			buildActionMask = 2147483647;
			files = (
			);
			inputPaths = (
			);
			name = "[CP] Embed Pods Frameworks";
			outputPaths = (
			);
			runOnlyForDeploymentPostprocessing = 0;
			shellPath = /bin/sh;
			shellScript = "\"${SRCROOT}/Pods/Target Support Files/Pods-ContatosIP67/Pods-ContatosIP67-frameworks.sh\"\n";
			showEnvVarsInLog = 0;
		};
		643AA6420CAA7D50AB442FDD /* [CP] Embed Pods Frameworks */ = {
			isa = PBXShellScriptBuildPhase;
			buildActionMask = 2147483647;
			files = (
			);
			inputPaths = (
			);
			name = "[CP] Embed Pods Frameworks";
			outputPaths = (
			);
			runOnlyForDeploymentPostprocessing = 0;
			shellPath = /bin/sh;
			shellScript = "\"${SRCROOT}/Pods/Target Support Files/Pods-ContatosIP67UITests/Pods-ContatosIP67UITests-frameworks.sh\"\n";
			showEnvVarsInLog = 0;
		};
		6540AD4AE1603DC5958588A8 /* [CP] Copy Pods Resources */ = {
			isa = PBXShellScriptBuildPhase;
			buildActionMask = 2147483647;
			files = (
			);
			inputPaths = (
			);
			name = "[CP] Copy Pods Resources";
			outputPaths = (
			);
			runOnlyForDeploymentPostprocessing = 0;
			shellPath = /bin/sh;
			shellScript = "\"${SRCROOT}/Pods/Target Support Files/Pods-ContatosIP67UITests/Pods-ContatosIP67UITests-resources.sh\"\n";
			showEnvVarsInLog = 0;
		};
		6917710B63B42AFD9B643CEC /* [CP] Check Pods Manifest.lock */ = {
			isa = PBXShellScriptBuildPhase;
			buildActionMask = 2147483647;
			files = (
			);
			inputPaths = (
			);
			name = "[CP] Check Pods Manifest.lock";
			outputPaths = (
			);
			runOnlyForDeploymentPostprocessing = 0;
			shellPath = /bin/sh;
			shellScript = "diff \"${PODS_ROOT}/../Podfile.lock\" \"${PODS_ROOT}/Manifest.lock\" > /dev/null\nif [ $? != 0 ] ; then\n    # print error to STDERR\n    echo \"error: The sandbox is not in sync with the Podfile.lock. Run 'pod install' or update your CocoaPods installation.\" >&2\n    exit 1\nfi\n";
			showEnvVarsInLog = 0;
		};
		6D6938EAB6E2275B44DCDC4B /* [CP] Embed Pods Frameworks */ = {
			isa = PBXShellScriptBuildPhase;
			buildActionMask = 2147483647;
			files = (
			);
			inputPaths = (
			);
			name = "[CP] Embed Pods Frameworks";
			outputPaths = (
			);
			runOnlyForDeploymentPostprocessing = 0;
			shellPath = /bin/sh;
			shellScript = "\"${SRCROOT}/Pods/Target Support Files/Pods-ContatosIP67Tests/Pods-ContatosIP67Tests-frameworks.sh\"\n";
			showEnvVarsInLog = 0;
		};
		8516287D20B9564B55AFB099 /* [CP] Check Pods Manifest.lock */ = {
			isa = PBXShellScriptBuildPhase;
			buildActionMask = 2147483647;
			files = (
			);
			inputPaths = (
			);
			name = "[CP] Check Pods Manifest.lock";
			outputPaths = (
			);
			runOnlyForDeploymentPostprocessing = 0;
			shellPath = /bin/sh;
			shellScript = "diff \"${PODS_ROOT}/../Podfile.lock\" \"${PODS_ROOT}/Manifest.lock\" > /dev/null\nif [ $? != 0 ] ; then\n    # print error to STDERR\n    echo \"error: The sandbox is not in sync with the Podfile.lock. Run 'pod install' or update your CocoaPods installation.\" >&2\n    exit 1\nfi\n";
			showEnvVarsInLog = 0;
		};
		A64342C7197F8A5B5477724E /* [CP] Check Pods Manifest.lock */ = {
			isa = PBXShellScriptBuildPhase;
			buildActionMask = 2147483647;
			files = (
			);
			inputPaths = (
			);
			name = "[CP] Check Pods Manifest.lock";
			outputPaths = (
			);
			runOnlyForDeploymentPostprocessing = 0;
			shellPath = /bin/sh;
			shellScript = "diff \"${PODS_ROOT}/../Podfile.lock\" \"${PODS_ROOT}/Manifest.lock\" > /dev/null\nif [ $? != 0 ] ; then\n    # print error to STDERR\n    echo \"error: The sandbox is not in sync with the Podfile.lock. Run 'pod install' or update your CocoaPods installation.\" >&2\n    exit 1\nfi\n";
			showEnvVarsInLog = 0;
		};
/* End PBXShellScriptBuildPhase section */

/* Begin PBXSourcesBuildPhase section */
		DEA5C71E1EB0068800A19AEF /* Sources */ = {
			isa = PBXSourcesBuildPhase;
			buildActionMask = 2147483647;
			files = (
				DEA5C7591EB0244E00A19AEF /* Contato.m in Sources */,
				DEA5C7281EB0068900A19AEF /* FormularioContatoViewController.swift in Sources */,
				DEA33F281EBA9B7800855D07 /* ContatosNoMapaViewController.swift in Sources */,
				DE429C931EB9433D0008D84B /* GerenciadorDeAcoes.swift in Sources */,
				DEC5A6271EB2C3DD005DD007 /* FormularioContatoViewControllerDelegate.swift in Sources */,
				DEA5C75B1EB0301400A19AEF /* ContatoDao.swift in Sources */,
				DEA6B4661EB15DE900ABA68B /* ListaContatosViewController.swift in Sources */,
				DEA5C72E1EB0068900A19AEF /* ContatosIP67.xcdatamodeld in Sources */,
				DEB2828D1EBD3C6200704E4D /* CoreDataUtil.swift in Sources */,
				DEA5C7261EB0068900A19AEF /* AppDelegate.swift in Sources */,
			);
			runOnlyForDeploymentPostprocessing = 0;
		};
		DEA5C7351EB0068900A19AEF /* Sources */ = {
			isa = PBXSourcesBuildPhase;
			buildActionMask = 2147483647;
			files = (
				DEA5C73E1EB0068900A19AEF /* ContatosIP67Tests.swift in Sources */,
			);
			runOnlyForDeploymentPostprocessing = 0;
		};
		DEA5C7401EB0068900A19AEF /* Sources */ = {
			isa = PBXSourcesBuildPhase;
			buildActionMask = 2147483647;
			files = (
				DEA5C7491EB0068A00A19AEF /* ContatosIP67UITests.swift in Sources */,
			);
			runOnlyForDeploymentPostprocessing = 0;
		};
/* End PBXSourcesBuildPhase section */

/* Begin PBXTargetDependency section */
		DEA5C73B1EB0068900A19AEF /* PBXTargetDependency */ = {
			isa = PBXTargetDependency;
			target = DEA5C7211EB0068800A19AEF /* ContatosIP67 */;
			targetProxy = DEA5C73A1EB0068900A19AEF /* PBXContainerItemProxy */;
		};
		DEA5C7461EB0068900A19AEF /* PBXTargetDependency */ = {
			isa = PBXTargetDependency;
			target = DEA5C7211EB0068800A19AEF /* ContatosIP67 */;
			targetProxy = DEA5C7451EB0068900A19AEF /* PBXContainerItemProxy */;
		};
/* End PBXTargetDependency section */

/* Begin PBXVariantGroup section */
		DEA5C7291EB0068900A19AEF /* Main.storyboard */ = {
			isa = PBXVariantGroup;
			children = (
				DEA5C72A1EB0068900A19AEF /* Base */,
			);
			name = Main.storyboard;
			sourceTree = "<group>";
		};
		DEA5C7311EB0068900A19AEF /* LaunchScreen.storyboard */ = {
			isa = PBXVariantGroup;
			children = (
				DEA5C7321EB0068900A19AEF /* Base */,
			);
			name = LaunchScreen.storyboard;
			sourceTree = "<group>";
		};
/* End PBXVariantGroup section */

/* Begin XCBuildConfiguration section */
		DEA5C74B1EB0068A00A19AEF /* Debug */ = {
			isa = XCBuildConfiguration;
			buildSettings = {
				ALWAYS_SEARCH_USER_PATHS = NO;
				CLANG_ANALYZER_NONNULL = YES;
				CLANG_CXX_LANGUAGE_STANDARD = "gnu++0x";
				CLANG_CXX_LIBRARY = "libc++";
				CLANG_ENABLE_MODULES = YES;
				CLANG_ENABLE_OBJC_ARC = YES;
				CLANG_WARN_BOOL_CONVERSION = YES;
				CLANG_WARN_CONSTANT_CONVERSION = YES;
				CLANG_WARN_DIRECT_OBJC_ISA_USAGE = YES_ERROR;
				CLANG_WARN_DOCUMENTATION_COMMENTS = YES;
				CLANG_WARN_EMPTY_BODY = YES;
				CLANG_WARN_ENUM_CONVERSION = YES;
				CLANG_WARN_INFINITE_RECURSION = YES;
				CLANG_WARN_INT_CONVERSION = YES;
				CLANG_WARN_OBJC_ROOT_CLASS = YES_ERROR;
				CLANG_WARN_SUSPICIOUS_MOVES = YES;
				CLANG_WARN_UNREACHABLE_CODE = YES;
				CLANG_WARN__DUPLICATE_METHOD_MATCH = YES;
				"CODE_SIGN_IDENTITY[sdk=iphoneos*]" = "iPhone Developer";
				COPY_PHASE_STRIP = NO;
				DEBUG_INFORMATION_FORMAT = dwarf;
				ENABLE_STRICT_OBJC_MSGSEND = YES;
				ENABLE_TESTABILITY = YES;
				GCC_C_LANGUAGE_STANDARD = gnu99;
				GCC_DYNAMIC_NO_PIC = NO;
				GCC_NO_COMMON_BLOCKS = YES;
				GCC_OPTIMIZATION_LEVEL = 0;
				GCC_PREPROCESSOR_DEFINITIONS = (
					"DEBUG=1",
					"$(inherited)",
				);
				GCC_WARN_64_TO_32_BIT_CONVERSION = YES;
				GCC_WARN_ABOUT_RETURN_TYPE = YES_ERROR;
				GCC_WARN_UNDECLARED_SELECTOR = YES;
				GCC_WARN_UNINITIALIZED_AUTOS = YES_AGGRESSIVE;
				GCC_WARN_UNUSED_FUNCTION = YES;
				GCC_WARN_UNUSED_VARIABLE = YES;
				IPHONEOS_DEPLOYMENT_TARGET = 10.0;
				MTL_ENABLE_DEBUG_INFO = YES;
				ONLY_ACTIVE_ARCH = YES;
				SDKROOT = iphoneos;
				SWIFT_ACTIVE_COMPILATION_CONDITIONS = DEBUG;
				SWIFT_OPTIMIZATION_LEVEL = "-Onone";
			};
			name = Debug;
		};
		DEA5C74C1EB0068A00A19AEF /* Release */ = {
			isa = XCBuildConfiguration;
			buildSettings = {
				ALWAYS_SEARCH_USER_PATHS = NO;
				CLANG_ANALYZER_NONNULL = YES;
				CLANG_CXX_LANGUAGE_STANDARD = "gnu++0x";
				CLANG_CXX_LIBRARY = "libc++";
				CLANG_ENABLE_MODULES = YES;
				CLANG_ENABLE_OBJC_ARC = YES;
				CLANG_WARN_BOOL_CONVERSION = YES;
				CLANG_WARN_CONSTANT_CONVERSION = YES;
				CLANG_WARN_DIRECT_OBJC_ISA_USAGE = YES_ERROR;
				CLANG_WARN_DOCUMENTATION_COMMENTS = YES;
				CLANG_WARN_EMPTY_BODY = YES;
				CLANG_WARN_ENUM_CONVERSION = YES;
				CLANG_WARN_INFINITE_RECURSION = YES;
				CLANG_WARN_INT_CONVERSION = YES;
				CLANG_WARN_OBJC_ROOT_CLASS = YES_ERROR;
				CLANG_WARN_SUSPICIOUS_MOVES = YES;
				CLANG_WARN_UNREACHABLE_CODE = YES;
				CLANG_WARN__DUPLICATE_METHOD_MATCH = YES;
				"CODE_SIGN_IDENTITY[sdk=iphoneos*]" = "iPhone Developer";
				COPY_PHASE_STRIP = NO;
				DEBUG_INFORMATION_FORMAT = "dwarf-with-dsym";
				ENABLE_NS_ASSERTIONS = NO;
				ENABLE_STRICT_OBJC_MSGSEND = YES;
				GCC_C_LANGUAGE_STANDARD = gnu99;
				GCC_NO_COMMON_BLOCKS = YES;
				GCC_WARN_64_TO_32_BIT_CONVERSION = YES;
				GCC_WARN_ABOUT_RETURN_TYPE = YES_ERROR;
				GCC_WARN_UNDECLARED_SELECTOR = YES;
				GCC_WARN_UNINITIALIZED_AUTOS = YES_AGGRESSIVE;
				GCC_WARN_UNUSED_FUNCTION = YES;
				GCC_WARN_UNUSED_VARIABLE = YES;
				IPHONEOS_DEPLOYMENT_TARGET = 10.0;
				MTL_ENABLE_DEBUG_INFO = NO;
				SDKROOT = iphoneos;
				SWIFT_OPTIMIZATION_LEVEL = "-Owholemodule";
				VALIDATE_PRODUCT = YES;
			};
			name = Release;
		};
		DEA5C74E1EB0068A00A19AEF /* Debug */ = {
			isa = XCBuildConfiguration;
			baseConfigurationReference = D92C604CA8349D7C50B3547D /* Pods-ContatosIP67.debug.xcconfig */;
			buildSettings = {
				ASSETCATALOG_COMPILER_APPICON_NAME = AppIcon;
				CLANG_ENABLE_MODULES = YES;
				INFOPLIST_FILE = ContatosIP67/Info.plist;
				LD_RUNPATH_SEARCH_PATHS = "$(inherited) @executable_path/Frameworks";
				PRODUCT_BUNDLE_IDENTIFIER = br.com.caelum.ContatosIP67;
				PRODUCT_NAME = "$(TARGET_NAME)";
				SWIFT_OBJC_BRIDGING_HEADER = "ContatosIP67/ContatosIP67-Bridging-Header.h";
				SWIFT_OPTIMIZATION_LEVEL = "-Onone";
				SWIFT_VERSION = 3.0;
			};
			name = Debug;
		};
		DEA5C74F1EB0068A00A19AEF /* Release */ = {
			isa = XCBuildConfiguration;
			baseConfigurationReference = C6A749DF77D2AB85FF37E0B1 /* Pods-ContatosIP67.release.xcconfig */;
			buildSettings = {
				ASSETCATALOG_COMPILER_APPICON_NAME = AppIcon;
				CLANG_ENABLE_MODULES = YES;
				INFOPLIST_FILE = ContatosIP67/Info.plist;
				LD_RUNPATH_SEARCH_PATHS = "$(inherited) @executable_path/Frameworks";
				PRODUCT_BUNDLE_IDENTIFIER = br.com.caelum.ContatosIP67;
				PRODUCT_NAME = "$(TARGET_NAME)";
				SWIFT_OBJC_BRIDGING_HEADER = "ContatosIP67/ContatosIP67-Bridging-Header.h";
				SWIFT_VERSION = 3.0;
			};
			name = Release;
		};
		DEA5C7511EB0068A00A19AEF /* Debug */ = {
			isa = XCBuildConfiguration;
			baseConfigurationReference = 40F8A714FC3DF6451C123A56 /* Pods-ContatosIP67Tests.debug.xcconfig */;
			buildSettings = {
				ALWAYS_EMBED_SWIFT_STANDARD_LIBRARIES = YES;
				BUNDLE_LOADER = "$(TEST_HOST)";
				INFOPLIST_FILE = ContatosIP67Tests/Info.plist;
				LD_RUNPATH_SEARCH_PATHS = "$(inherited) @executable_path/Frameworks @loader_path/Frameworks";
				PRODUCT_BUNDLE_IDENTIFIER = br.com.caelum.ContatosIP67Tests;
				PRODUCT_NAME = "$(TARGET_NAME)";
				SWIFT_VERSION = 3.0;
				TEST_HOST = "$(BUILT_PRODUCTS_DIR)/ContatosIP67.app/ContatosIP67";
			};
			name = Debug;
		};
		DEA5C7521EB0068A00A19AEF /* Release */ = {
			isa = XCBuildConfiguration;
			baseConfigurationReference = 7FBA629D15789E2BAA143221 /* Pods-ContatosIP67Tests.release.xcconfig */;
			buildSettings = {
				ALWAYS_EMBED_SWIFT_STANDARD_LIBRARIES = YES;
				BUNDLE_LOADER = "$(TEST_HOST)";
				INFOPLIST_FILE = ContatosIP67Tests/Info.plist;
				LD_RUNPATH_SEARCH_PATHS = "$(inherited) @executable_path/Frameworks @loader_path/Frameworks";
				PRODUCT_BUNDLE_IDENTIFIER = br.com.caelum.ContatosIP67Tests;
				PRODUCT_NAME = "$(TARGET_NAME)";
				SWIFT_VERSION = 3.0;
				TEST_HOST = "$(BUILT_PRODUCTS_DIR)/ContatosIP67.app/ContatosIP67";
			};
			name = Release;
		};
		DEA5C7541EB0068A00A19AEF /* Debug */ = {
			isa = XCBuildConfiguration;
			baseConfigurationReference = FFA7B12C918F37EE6F2724D8 /* Pods-ContatosIP67UITests.debug.xcconfig */;
			buildSettings = {
				ALWAYS_EMBED_SWIFT_STANDARD_LIBRARIES = YES;
				INFOPLIST_FILE = ContatosIP67UITests/Info.plist;
				LD_RUNPATH_SEARCH_PATHS = "$(inherited) @executable_path/Frameworks @loader_path/Frameworks";
				PRODUCT_BUNDLE_IDENTIFIER = br.com.caelum.ContatosIP67UITests;
				PRODUCT_NAME = "$(TARGET_NAME)";
				SWIFT_VERSION = 3.0;
				TEST_TARGET_NAME = ContatosIP67;
			};
			name = Debug;
		};
		DEA5C7551EB0068A00A19AEF /* Release */ = {
			isa = XCBuildConfiguration;
			baseConfigurationReference = DA88999AE1059C0EE757868D /* Pods-ContatosIP67UITests.release.xcconfig */;
			buildSettings = {
				ALWAYS_EMBED_SWIFT_STANDARD_LIBRARIES = YES;
				INFOPLIST_FILE = ContatosIP67UITests/Info.plist;
				LD_RUNPATH_SEARCH_PATHS = "$(inherited) @executable_path/Frameworks @loader_path/Frameworks";
				PRODUCT_BUNDLE_IDENTIFIER = br.com.caelum.ContatosIP67UITests;
				PRODUCT_NAME = "$(TARGET_NAME)";
				SWIFT_VERSION = 3.0;
				TEST_TARGET_NAME = ContatosIP67;
			};
			name = Release;
		};
/* End XCBuildConfiguration section */

/* Begin XCConfigurationList section */
		DEA5C71D1EB0068800A19AEF /* Build configuration list for PBXProject "ContatosIP67" */ = {
			isa = XCConfigurationList;
			buildConfigurations = (
				DEA5C74B1EB0068A00A19AEF /* Debug */,
				DEA5C74C1EB0068A00A19AEF /* Release */,
			);
			defaultConfigurationIsVisible = 0;
			defaultConfigurationName = Release;
		};
		DEA5C74D1EB0068A00A19AEF /* Build configuration list for PBXNativeTarget "ContatosIP67" */ = {
			isa = XCConfigurationList;
			buildConfigurations = (
				DEA5C74E1EB0068A00A19AEF /* Debug */,
				DEA5C74F1EB0068A00A19AEF /* Release */,
			);
			defaultConfigurationIsVisible = 0;
			defaultConfigurationName = Release;
		};
		DEA5C7501EB0068A00A19AEF /* Build configuration list for PBXNativeTarget "ContatosIP67Tests" */ = {
			isa = XCConfigurationList;
			buildConfigurations = (
				DEA5C7511EB0068A00A19AEF /* Debug */,
				DEA5C7521EB0068A00A19AEF /* Release */,
			);
			defaultConfigurationIsVisible = 0;
			defaultConfigurationName = Release;
		};
		DEA5C7531EB0068A00A19AEF /* Build configuration list for PBXNativeTarget "ContatosIP67UITests" */ = {
			isa = XCConfigurationList;
			buildConfigurations = (
				DEA5C7541EB0068A00A19AEF /* Debug */,
				DEA5C7551EB0068A00A19AEF /* Release */,
			);
			defaultConfigurationIsVisible = 0;
			defaultConfigurationName = Release;
		};
/* End XCConfigurationList section */

/* Begin XCVersionGroup section */
		DEA5C72C1EB0068900A19AEF /* ContatosIP67.xcdatamodeld */ = {
			isa = XCVersionGroup;
			children = (
				DEA5C72D1EB0068900A19AEF /* ContatosIP67.xcdatamodel */,
			);
			currentVersion = DEA5C72D1EB0068900A19AEF /* ContatosIP67.xcdatamodel */;
			path = ContatosIP67.xcdatamodeld;
			sourceTree = "<group>";
			versionGroupType = wrapper.xcdatamodel;
		};
/* End XCVersionGroup section */
	};
	rootObject = DEA5C71A1EB0068800A19AEF /* Project object */;
}
